// !$*UTF8*$!
{
	archiveVersion = 1;
	classes = {
	};
	objectVersion = 50;
	objects = {

/* Begin PBXBuildFile section */
		494DB4B825EF85BC00EB030F /* lanternRiddlesApp.swift in Sources */ = {isa = PBXBuildFile; fileRef = 494DB4B725EF85BC00EB030F /* lanternRiddlesApp.swift */; };
		494DB4BA25EF85BC00EB030F /* ContentView.swift in Sources */ = {isa = PBXBuildFile; fileRef = 494DB4B925EF85BC00EB030F /* ContentView.swift */; };
		494DB4BC25EF85BF00EB030F /* Assets.xcassets in Resources */ = {isa = PBXBuildFile; fileRef = 494DB4BB25EF85BF00EB030F /* Assets.xcassets */; };
		494DB4BF25EF85BF00EB030F /* Preview Assets.xcassets in Resources */ = {isa = PBXBuildFile; fileRef = 494DB4BE25EF85BF00EB030F /* Preview Assets.xcassets */; };
		494DB4C825EFAD6B00EB030F /* GameView.swift in Sources */ = {isa = PBXBuildFile; fileRef = 494DB4C725EFAD6B00EB030F /* GameView.swift */; };
		494DB4CB25EFAFAE00EB030F /* Riddle.swift in Sources */ = {isa = PBXBuildFile; fileRef = 494DB4CA25EFAFAE00EB030F /* Riddle.swift */; };
		494DB4CE25F2073600EB030F /* ResultView.swift in Sources */ = {isa = PBXBuildFile; fileRef = 494DB4CD25F2073600EB030F /* ResultView.swift */; };
/* End PBXBuildFile section */

/* Begin PBXFileReference section */
		494DB4B425EF85BC00EB030F /* lanternRiddles.app */ = {isa = PBXFileReference; explicitFileType = wrapper.application; includeInIndex = 0; path = lanternRiddles.app; sourceTree = BUILT_PRODUCTS_DIR; };
		494DB4B725EF85BC00EB030F /* lanternRiddlesApp.swift */ = {isa = PBXFileReference; lastKnownFileType = sourcecode.swift; path = lanternRiddlesApp.swift; sourceTree = "<group>"; };
		494DB4B925EF85BC00EB030F /* ContentView.swift */ = {isa = PBXFileReference; lastKnownFileType = sourcecode.swift; path = ContentView.swift; sourceTree = "<group>"; };
		494DB4BB25EF85BF00EB030F /* Assets.xcassets */ = {isa = PBXFileReference; lastKnownFileType = folder.assetcatalog; path = Assets.xcassets; sourceTree = "<group>"; };
		494DB4BE25EF85BF00EB030F /* Preview Assets.xcassets */ = {isa = PBXFileReference; lastKnownFileType = folder.assetcatalog; path = "Preview Assets.xcassets"; sourceTree = "<group>"; };
		494DB4C025EF85BF00EB030F /* Info.plist */ = {isa = PBXFileReference; lastKnownFileType = text.plist.xml; path = Info.plist; sourceTree = "<group>"; };
		494DB4C725EFAD6B00EB030F /* GameView.swift */ = {isa = PBXFileReference; lastKnownFileType = sourcecode.swift; path = GameView.swift; sourceTree = "<group>"; };
		494DB4CA25EFAFAE00EB030F /* Riddle.swift */ = {isa = PBXFileReference; lastKnownFileType = sourcecode.swift; path = Riddle.swift; sourceTree = "<group>"; };
		494DB4CD25F2073600EB030F /* ResultView.swift */ = {isa = PBXFileReference; lastKnownFileType = sourcecode.swift; path = ResultView.swift; sourceTree = "<group>"; };
/* End PBXFileReference section */

/* Begin PBXFrameworksBuildPhase section */
		494DB4B125EF85BC00EB030F /* Frameworks */ = {
			isa = PBXFrameworksBuildPhase;
			buildActionMask = 2147483647;
			files = (
			);
			runOnlyForDeploymentPostprocessing = 0;
		};
/* End PBXFrameworksBuildPhase section */

/* Begin PBXGroup section */
		494DB4AB25EF85BC00EB030F = {
			isa = PBXGroup;
			children = (
				494DB4B625EF85BC00EB030F /* lanternRiddles */,
				494DB4B525EF85BC00EB030F /* Products */,
			);
			sourceTree = "<group>";
		};
		494DB4B525EF85BC00EB030F /* Products */ = {
			isa = PBXGroup;
			children = (
				494DB4B425EF85BC00EB030F /* lanternRiddles.app */,
			);
			name = Products;
			sourceTree = "<group>";
		};
		494DB4B625EF85BC00EB030F /* lanternRiddles */ = {
			isa = PBXGroup;
			children = (
				494DB4B725EF85BC00EB030F /* lanternRiddlesApp.swift */,
				494DB4CD25F2073600EB030F /* ResultView.swift */,
				494DB4B925EF85BC00EB030F /* ContentView.swift */,
				494DB4C725EFAD6B00EB030F /* GameView.swift */,
				494DB4CA25EFAFAE00EB030F /* Riddle.swift */,
				494DB4BB25EF85BF00EB030F /* Assets.xcassets */,
				494DB4C025EF85BF00EB030F /* Info.plist */,
				494DB4BD25EF85BF00EB030F /* Preview Content */,
			);
			path = lanternRiddles;
			sourceTree = "<group>";
		};
		494DB4BD25EF85BF00EB030F /* Preview Content */ = {
			isa = PBXGroup;
			children = (
				494DB4BE25EF85BF00EB030F /* Preview Assets.xcassets */,
			);
			path = "Preview Content";
			sourceTree = "<group>";
		};
/* End PBXGroup section */

/* Begin PBXNativeTarget section */
		494DB4B325EF85BC00EB030F /* lanternRiddles */ = {
			isa = PBXNativeTarget;
			buildConfigurationList = 494DB4C325EF85BF00EB030F /* Build configuration list for PBXNativeTarget "lanternRiddles" */;
			buildPhases = (
				494DB4B025EF85BC00EB030F /* Sources */,
				494DB4B125EF85BC00EB030F /* Frameworks */,
				494DB4B225EF85BC00EB030F /* Resources */,
			);
			buildRules = (
			);
			dependencies = (
			);
			name = lanternRiddles;
			productName = lanternRiddles;
			productReference = 494DB4B425EF85BC00EB030F /* lanternRiddles.app */;
			productType = "com.apple.product-type.application";
		};
/* End PBXNativeTarget section */

/* Begin PBXProject section */
		494DB4AC25EF85BC00EB030F /* Project object */ = {
			isa = PBXProject;
			attributes = {
				LastSwiftUpdateCheck = 1230;
				LastUpgradeCheck = 1230;
				TargetAttributes = {
					494DB4B325EF85BC00EB030F = {
						CreatedOnToolsVersion = 12.3;
					};
				};
			};
			buildConfigurationList = 494DB4AF25EF85BC00EB030F /* Build configuration list for PBXProject "lanternRiddles" */;
			compatibilityVersion = "Xcode 9.3";
			developmentRegion = en;
			hasScannedForEncodings = 0;
			knownRegions = (
				en,
				Base,
			);
			mainGroup = 494DB4AB25EF85BC00EB030F;
			productRefGroup = 494DB4B525EF85BC00EB030F /* Products */;
			projectDirPath = "";
			projectRoot = "";
			targets = (
				494DB4B325EF85BC00EB030F /* lanternRiddles */,
			);
		};
/* End PBXProject section */

/* Begin PBXResourcesBuildPhase section */
		494DB4B225EF85BC00EB030F /* Resources */ = {
			isa = PBXResourcesBuildPhase;
			buildActionMask = 2147483647;
			files = (
				494DB4BF25EF85BF00EB030F /* Preview Assets.xcassets in Resources */,
				494DB4BC25EF85BF00EB030F /* Assets.xcassets in Resources */,
			);
			runOnlyForDeploymentPostprocessing = 0;
		};
/* End PBXResourcesBuildPhase section */

/* Begin PBXSourcesBuildPhase section */
		494DB4B025EF85BC00EB030F /* Sources */ = {
			isa = PBXSourcesBuildPhase;
			buildActionMask = 2147483647;
			files = (
				494DB4BA25EF85BC00EB030F /* ContentView.swift in Sources */,
				494DB4C825EFAD6B00EB030F /* GameView.swift in Sources */,
				494DB4CE25F2073600EB030F /* ResultView.swift in Sources */,
				494DB4B825EF85BC00EB030F /* lanternRiddlesApp.swift in Sources */,
				494DB4CB25EFAFAE00EB030F /* Riddle.swift in Sources */,
			);
			runOnlyForDeploymentPostprocessing = 0;
		};
/* End PBXSourcesBuildPhase section */

/* Begin XCBuildConfiguration section */
		494DB4C125EF85BF00EB030F /* Debug */ = {
			isa = XCBuildConfiguration;
			buildSettings = {
				ALWAYS_SEARCH_USER_PATHS = NO;
				CLANG_ANALYZER_NONNULL = YES;
				CLANG_ANALYZER_NUMBER_OBJECT_CONVERSION = YES_AGGRESSIVE;
				CLANG_CXX_LANGUAGE_STANDARD = "gnu++14";
				CLANG_CXX_LIBRARY = "libc++";
				CLANG_ENABLE_MODULES = YES;
				CLANG_ENABLE_OBJC_ARC = YES;
				CLANG_ENABLE_OBJC_WEAK = YES;
				CLANG_WARN_BLOCK_CAPTURE_AUTORELEASING = YES;
				CLANG_WARN_BOOL_CONVERSION = YES;
				CLANG_WARN_COMMA = YES;
				CLANG_WARN_CONSTANT_CONVERSION = YES;
				CLANG_WARN_DEPRECATED_OBJC_IMPLEMENTATIONS = YES;
				CLANG_WARN_DIRECT_OBJC_ISA_USAGE = YES_ERROR;
				CLANG_WARN_DOCUMENTATION_COMMENTS = YES;
				CLANG_WARN_EMPTY_BODY = YES;
				CLANG_WARN_ENUM_CONVERSION = YES;
				CLANG_WARN_INFINITE_RECURSION = YES;
				CLANG_WARN_INT_CONVERSION = YES;
				CLANG_WARN_NON_LITERAL_NULL_CONVERSION = YES;
				CLANG_WARN_OBJC_IMPLICIT_RETAIN_SELF = YES;
				CLANG_WARN_OBJC_LITERAL_CONVERSION = YES;
				CLANG_WARN_OBJC_ROOT_CLASS = YES_ERROR;
				CLANG_WARN_QUOTED_INCLUDE_IN_FRAMEWORK_HEADER = YES;
				CLANG_WARN_RANGE_LOOP_ANALYSIS = YES;
				CLANG_WARN_STRICT_PROTOTYPES = YES;
				CLANG_WARN_SUSPICIOUS_MOVE = YES;
				CLANG_WARN_UNGUARDED_AVAILABILITY = YES_AGGRESSIVE;
				CLANG_WARN_UNREACHABLE_CODE = YES;
				CLANG_WARN__DUPLICATE_METHOD_MATCH = YES;
				COPY_PHASE_STRIP = NO;
				DEBUG_INFORMATION_FORMAT = dwarf;
				ENABLE_STRICT_OBJC_MSGSEND = YES;
				ENABLE_TESTABILITY = YES;
				GCC_C_LANGUAGE_STANDARD = gnu11;
				GCC_DYNAMIC_NO_PIC = NO;
				GCC_NO_COMMON_BLOCKS = YES;
				GCC_OPTIMIZATION_LEVEL = 0;
				GCC_PREPROCESSOR_DEFINITIONS = (
					"DEBUG=1",
					"$(inherited)",
				);
				GCC_WARN_64_TO_32_BIT_CONVERSION = YES;
				GCC_WARN_ABOUT_RETURN_TYPE = YES_ERROR;
				GCC_WARN_UNDECLARED_SELECTOR = YES;
				GCC_WARN_UNINITIALIZED_AUTOS = YES_AGGRESSIVE;
				GCC_WARN_UNUSED_FUNCTION = YES;
				GCC_WARN_UNUSED_VARIABLE = YES;
				IPHONEOS_DEPLOYMENT_TARGET = 14.3;
				MTL_ENABLE_DEBUG_INFO = INCLUDE_SOURCE;
				MTL_FAST_MATH = YES;
				ONLY_ACTIVE_ARCH = YES;
				SDKROOT = iphoneos;
				SWIFT_ACTIVE_COMPILATION_CONDITIONS = DEBUG;
				SWIFT_OPTIMIZATION_LEVEL = "-Onone";
			};
			name = Debug;
		};
		494DB4C225EF85BF00EB030F /* Release */ = {
			isa = XCBuildConfiguration;
			buildSettings = {
				ALWAYS_SEARCH_USER_PATHS = NO;
				CLANG_ANALYZER_NONNULL = YES;
				CLANG_ANALYZER_NUMBER_OBJECT_CONVERSION = YES_AGGRESSIVE;
				CLANG_CXX_LANGUAGE_STANDARD = "gnu++14";
				CLANG_CXX_LIBRARY = "libc++";
				CLANG_ENABLE_MODULES = YES;
				CLANG_ENABLE_OBJC_ARC = YES;
				CLANG_ENABLE_OBJC_WEAK = YES;
				CLANG_WARN_BLOCK_CAPTURE_AUTORELEASING = YES;
				CLANG_WARN_BOOL_CONVERSION = YES;
				CLANG_WARN_COMMA = YES;
				CLANG_WARN_CONSTANT_CONVERSION = YES;
				CLANG_WARN_DEPRECATED_OBJC_IMPLEMENTATIONS = YES;
				CLANG_WARN_DIRECT_OBJC_ISA_USAGE = YES_ERROR;
				CLANG_WARN_DOCUMENTATION_COMMENTS = YES;
				CLANG_WARN_EMPTY_BODY = YES;
				CLANG_WARN_ENUM_CONVERSION = YES;
				CLANG_WARN_INFINITE_RECURSION = YES;
				CLANG_WARN_INT_CONVERSION = YES;
				CLANG_WARN_NON_LITERAL_NULL_CONVERSION = YES;
				CLANG_WARN_OBJC_IMPLICIT_RETAIN_SELF = YES;
				CLANG_WARN_OBJC_LITERAL_CONVERSION = YES;
				CLANG_WARN_OBJC_ROOT_CLASS = YES_ERROR;
				CLANG_WARN_QUOTED_INCLUDE_IN_FRAMEWORK_HEADER = YES;
				CLANG_WARN_RANGE_LOOP_ANALYSIS = YES;
				CLANG_WARN_STRICT_PROTOTYPES = YES;
				CLANG_WARN_SUSPICIOUS_MOVE = YES;
				CLANG_WARN_UNGUARDED_AVAILABILITY = YES_AGGRESSIVE;
				CLANG_WARN_UNREACHABLE_CODE = YES;
				CLANG_WARN__DUPLICATE_METHOD_MATCH = YES;
				COPY_PHASE_STRIP = NO;
				DEBUG_INFORMATION_FORMAT = "dwarf-with-dsym";
				ENABLE_NS_ASSERTIONS = NO;
				ENABLE_STRICT_OBJC_MSGSEND = YES;
				GCC_C_LANGUAGE_STANDARD = gnu11;
				GCC_NO_COMMON_BLOCKS = YES;
				GCC_WARN_64_TO_32_BIT_CONVERSION = YES;
				GCC_WARN_ABOUT_RETURN_TYPE = YES_ERROR;
				GCC_WARN_UNDECLARED_SELECTOR = YES;
				GCC_WARN_UNINITIALIZED_AUTOS = YES_AGGRESSIVE;
				GCC_WARN_UNUSED_FUNCTION = YES;
				GCC_WARN_UNUSED_VARIABLE = YES;
				IPHONEOS_DEPLOYMENT_TARGET = 14.3;
				MTL_ENABLE_DEBUG_INFO = NO;
				MTL_FAST_MATH = YES;
				SDKROOT = iphoneos;
				SWIFT_COMPILATION_MODE = wholemodule;
				SWIFT_OPTIMIZATION_LEVEL = "-O";
				VALIDATE_PRODUCT = YES;
			};
			name = Release;
		};
		494DB4C425EF85BF00EB030F /* Debug */ = {
			isa = XCBuildConfiguration;
			buildSettings = {
				ASSETCATALOG_COMPILER_APPICON_NAME = AppIcon;
				ASSETCATALOG_COMPILER_GLOBAL_ACCENT_COLOR_NAME = AccentColor;
				CODE_SIGN_STYLE = Automatic;
				DEVELOPMENT_ASSET_PATHS = "\"lanternRiddles/Preview Content\"";
				ENABLE_PREVIEWS = YES;
				INFOPLIST_FILE = lanternRiddles/Info.plist;
				IPHONEOS_DEPLOYMENT_TARGET = 14.0;
				LD_RUNPATH_SEARCH_PATHS = (
					"$(inherited)",
					"@executable_path/Frameworks",
				);
				PRODUCT_BUNDLE_IDENTIFIER = rachel.lanternRiddles;
				PRODUCT_NAME = "$(TARGET_NAME)";
				SWIFT_VERSION = 5.0;
				TARGETED_DEVICE_FAMILY = "1,2";
			};
			name = Debug;
		};
		494DB4C525EF85BF00EB030F /* Release */ = {
			isa = XCBuildConfiguration;
			buildSettings = {
				ASSETCATALOG_COMPILER_APPICON_NAME = AppIcon;
				ASSETCATALOG_COMPILER_GLOBAL_ACCENT_COLOR_NAME = AccentColor;
				CODE_SIGN_STYLE = Automatic;
				DEVELOPMENT_ASSET_PATHS = "\"lanternRiddles/Preview Content\"";
				ENABLE_PREVIEWS = YES;
				INFOPLIST_FILE = lanternRiddles/Info.plist;
				IPHONEOS_DEPLOYMENT_TARGET = 14.0;
				LD_RUNPATH_SEARCH_PATHS = (
					"$(inherited)",
					"@executable_path/Frameworks",
				);
				PRODUCT_BUNDLE_IDENTIFIER = rachel.lanternRiddles;
				PRODUCT_NAME = "$(TARGET_NAME)";
				SWIFT_VERSION = 5.0;
				TARGETED_DEVICE_FAMILY = "1,2";
			};
			name = Release;
		};
/* End XCBuildConfiguration section */

/* Begin XCConfigurationList section */
		494DB4AF25EF85BC00EB030F /* Build configuration list for PBXProject "lanternRiddles" */ = {
			isa = XCConfigurationList;
			buildConfigurations = (
				494DB4C125EF85BF00EB030F /* Debug */,
				494DB4C225EF85BF00EB030F /* Release */,
			);
			defaultConfigurationIsVisible = 0;
			defaultConfigurationName = Release;
		};
		494DB4C325EF85BF00EB030F /* Build configuration list for PBXNativeTarget "lanternRiddles" */ = {
			isa = XCConfigurationList;
			buildConfigurations = (
				494DB4C425EF85BF00EB030F /* Debug */,
				494DB4C525EF85BF00EB030F /* Release */,
			);
			defaultConfigurationIsVisible = 0;
			defaultConfigurationName = Release;
		};
/* End XCConfigurationList section */
	};
	rootObject = 494DB4AC25EF85BC00EB030F /* Project object */;
}
